
Microsoft Visual Studio Solution File, Format Version 12.00
# Visual Studio Version 17
VisualStudioVersion = 17.1.32228.430
MinimumVisualStudioVersion = 10.0.40219.1
Project("{9A19103F-16F7-4668-BE54-9A1E7A4F7556}") = "DWHelperCMD", "DualWriteHelper\DWHelperCMD.csproj", "{3405999E-7C4C-42AE-BE7C-EFB348B1CA42}"
EndProject
Project("{9A19103F-16F7-4668-BE54-9A1E7A4F7556}") = "DWLibary", "DWLibary\DWLibary.csproj", "{28424FDF-9FB8-4552-9CCF-40BF0D2733A4}"
EndProject
Project("{2150E333-8FDC-42A3-9474-1A3956D46DE8}") = "Solution Items", "Solution Items", "{62A09BAE-D901-4900-A7FE-AD5E4B96D4C7}"
	ProjectSection(SolutionItems) = preProject
		.editorconfig = .editorconfig
	EndProjectSection
EndProject
Project("{9A19103F-16F7-4668-BE54-9A1E7A4F7556}") = "DWHelperUI", "DWHelperUI\DWHelperUI.csproj", "{28412193-5333-4B68-B220-3D847436533D}"
EndProject
Global
	GlobalSection(SolutionConfigurationPlatforms) = preSolution
		Debug|Any CPU = Debug|Any CPU
		Release|Any CPU = Release|Any CPU
	EndGlobalSection
	GlobalSection(ProjectConfigurationPlatforms) = postSolution
		{3405999E-7C4C-42AE-BE7C-EFB348B1CA42}.Debug|Any CPU.ActiveCfg = Debug|Any CPU
		{3405999E-7C4C-42AE-BE7C-EFB348B1CA42}.Debug|Any CPU.Build.0 = Debug|Any CPU
		{3405999E-7C4C-42AE-BE7C-EFB348B1CA42}.Release|Any CPU.ActiveCfg = Release|Any CPU
		{3405999E-7C4C-42AE-BE7C-EFB348B1CA42}.Release|Any CPU.Build.0 = Release|Any CPU
		{28424FDF-9FB8-4552-9CCF-40BF0D2733A4}.Debug|Any CPU.ActiveCfg = Debug|Any CPU
		{28424FDF-9FB8-4552-9CCF-40BF0D2733A4}.Debug|Any CPU.Build.0 = Debug|Any CPU
		{28424FDF-9FB8-4552-9CCF-40BF0D2733A4}.Release|Any CPU.ActiveCfg = Release|Any CPU
		{28424FDF-9FB8-4552-9CCF-40BF0D2733A4}.Release|Any CPU.Build.0 = Release|Any CPU
		{28412193-5333-4B68-B220-3D847436533D}.Debug|Any CPU.ActiveCfg = Debug|Any CPU
		{28412193-5333-4B68-B220-3D847436533D}.Debug|Any CPU.Build.0 = Debug|Any CPU
		{28412193-5333-4B68-B220-3D847436533D}.Release|Any CPU.ActiveCfg = Release|Any CPU
		{28412193-5333-4B68-B220-3D847436533D}.Release|Any CPU.Build.0 = Release|Any CPU
	EndGlobalSection
	GlobalSection(SolutionProperties) = preSolution
		HideSolutionNode = FALSE
	EndGlobalSection
	GlobalSection(ExtensibilityGlobals) = postSolution
		SolutionGuid = {5203CFB0-73AB-4F97-A692-04FF9BDA1120}
	EndGlobalSection
EndGlobal
